
Microsoft Visual Studio Solution File, Format Version 12.00
# Visual Studio Version 17
VisualStudioVersion = 17.1.32210.238
MinimumVisualStudioVersion = 10.0.40219.1
Project("{FAE04EC0-301F-11D3-BF4B-00C04F79EFBC}") = "Fc.CustomContainer.Sample", "Fc.CustomContainer.Sample\Fc.CustomContainer.Sample.csproj", "{4D6AF064-FF9A-471E-9EA0-959946360035}"
EndProject
Global
	GlobalSection(SolutionConfigurationPlatforms) = preSolution
		Debug|Any CPU = Debug|Any CPU
		Release|Any CPU = Release|Any CPU
	EndGlobalSection
	GlobalSection(ProjectConfigurationPlatforms) = postSolution
		{4D6AF064-FF9A-471E-9EA0-959946360035}.Debug|Any CPU.ActiveCfg = Debug|Any CPU
		{4D6AF064-FF9A-471E-9EA0-959946360035}.Debug|Any CPU.Build.0 = Debug|Any CPU
		{4D6AF064-FF9A-471E-9EA0-959946360035}.Release|Any CPU.ActiveCfg = Release|Any CPU
		{4D6AF064-FF9A-471E-9EA0-959946360035}.Release|Any CPU.Build.0 = Release|Any CPU
	EndGlobalSection
	GlobalSection(SolutionProperties) = preSolution
		HideSolutionNode = FALSE
	EndGlobalSection
	GlobalSection(ExtensibilityGlobals) = postSolution
		SolutionGuid = {A2BD1023-6818-41BF-925A-5008D281D25C}
	EndGlobalSection
EndGlobal
